Microsoft Visual Studio Solution File, Format Version 12.00
# Visual Studio 2012
Project("{FAE04EC0-301F-11D3-BF4B-00C04F79EFBC}") = "GD_Sulimn", "GD_Sulimn.csproj", "{367852A0-8AAA-493B-818C-C1291A9110EF}"
EndProject
Global
	GlobalSection(SolutionConfigurationPlatforms) = preSolution
	Debug|Any CPU = Debug|Any CPU
	Release|Any CPU = Release|Any CPU
	Tools|Any CPU = Tools|Any CPU
	EndGlobalSection
	GlobalSection(ProjectConfigurationPlatforms) = postSolution
		{367852A0-8AAA-493B-818C-C1291A9110EF}.Debug|Any CPU.ActiveCfg = Debug|Any CPU
		{367852A0-8AAA-493B-818C-C1291A9110EF}.Debug|Any CPU.Build.0 = Debug|Any CPU
		{367852A0-8AAA-493B-818C-C1291A9110EF}.Release|Any CPU.ActiveCfg = Release|Any CPU
		{367852A0-8AAA-493B-818C-C1291A9110EF}.Release|Any CPU.Build.0 = Release|Any CPU
		{367852A0-8AAA-493B-818C-C1291A9110EF}.Tools|Any CPU.ActiveCfg = Tools|Any CPU
		{367852A0-8AAA-493B-818C-C1291A9110EF}.Tools|Any CPU.Build.0 = Tools|Any CPU
	EndGlobalSection
EndGlobal
